# THIS IS AN AUTOGENERATED FILE. DO NOT EDIT THIS FILE DIRECTLY.
# yarn lockfile v1


"@googlemaps/js-api-loader@1.15.1":
  version "1.15.1"
  resolved "https://registry.yarnpkg.com/@googlemaps/js-api-loader/-/js-api-loader-1.15.1.tgz#7d5f1d55a4ec5c99b1d8f0708f3a46b83a71384c"
  integrity sha512-AsnEgNsB7S/VdrHGEQUaUM2e5tmjFGKBAfzR/AqO8O7TPq/jQGvoRw5liPBw4EMF38RDsHmKDV89q/X+qiUREQ==
  dependencies:
    fast-deep-equal "^3.1.3"

"@googlemaps/markerclusterer@2.0.15":
  version "2.0.15"
  resolved "https://registry.yarnpkg.com/@googlemaps/markerclusterer/-/markerclusterer-2.0.15.tgz#72052a23a061789c6055a13713b8852359cc03a9"
  integrity sha512-/I6Esi5FtyeVHsezN9Kut8zRJoqe7KkTIJXGVqpKFf6BjC7qQ1xRajLMkOz0s8XKgLevbr+KdYjuvmj+LohOGg==
  dependencies:
    fast-deep-equal "^3.1.3"
    supercluster "^7.1.3"

"@react-google-maps/api@^2.18.1":
  version "2.18.1"
  resolved "https://registry.yarnpkg.com/@react-google-maps/api/-/api-2.18.1.tgz#140bb134f50c98939b6eb440d01dbb7df562090c"
  integrity sha512-KVlUO/Shh+0g/3egWaKmY0sz6+0QOnYkBGvrBMJbz23519LauA+iJFc4NDCmWNHqD5Vhb/Bkg0kSJgq0Stz3Iw==
  dependencies:
    "@googlemaps/js-api-loader" "1.15.1"
    "@googlemaps/markerclusterer" "2.0.15"
    "@react-google-maps/infobox" "2.16.0"
    "@react-google-maps/marker-clusterer" "2.16.1"
    "@types/google.maps" "3.50.5"
    invariant "2.2.4"

"@react-google-maps/infobox@2.16.0":
  version "2.16.0"
  resolved "https://registry.yarnpkg.com/@react-google-maps/infobox/-/infobox-2.16.0.tgz#871423de1a1ffb08518927b083b239d92e58ce4e"
  integrity sha512-ZojiMS25388RcUHQPycUAerSqdHDom+3dHczVcXHdT/i8fka3O8InkHxXwMhvBoM143ips7mv2BPaYOAJ5f4Nw==

"@react-google-maps/marker-clusterer@2.16.1":
  version "2.16.1"
  resolved "https://registry.yarnpkg.com/@react-google-maps/marker-clusterer/-/marker-clusterer-2.16.1.tgz#882878a7b49ce9ae44c7b02ff6fbc4c2aeb77c95"
  integrity sha512-jOuyqzWLeXvQcoAu6TCVWHAuko+sDt0JjawNHBGqUNLywMtTCvYP0L0PiqJZOUCUeRYGdUy0AKxQ+30vAkvwag==

"@types/google.maps@3.50.5":
  version "3.50.5"
  resolved "https://registry.yarnpkg.com/@types/google.maps/-/google.maps-3.50.5.tgz#a0d12675b547205fc163c4b8d999db305ba3862a"
  integrity sha512-RuZf1MJtctGlpW+Gd4a/eGtAufUDjMf+eyN1l+B3fbe2YLScJbg8KEljJfb+6vnSPFAeM1/48geVIEg3vqOkxw==

axios@0.26.0:
  version "0.26.0"
  resolved "https://registry.yarnpkg.com/axios/-/axios-0.26.0.tgz#9a318f1c69ec108f8cd5f3c3d390366635e13928"
  integrity sha512-lKoGLMYtHvFrPVt3r+RBMp9nh34N0M8zEfCWqdWZx6phynIEhQqAdydpyBAAG211zlhX9Rgu08cOamy6XjE5Og==
  dependencies:
    follow-redirects "^1.14.8"

classnames@^2.2.5:
  version "2.3.2"
  resolved "https://registry.yarnpkg.com/classnames/-/classnames-2.3.2.tgz#351d813bf0137fcc6a76a16b88208d2560a0d924"
  integrity sha512-CSbhY4cFEJRe6/GQzIk5qXZ4Jeg5pcsP7b5peFSDpffpe1cqjASH/n9UTjBwOp6XpMSTwQ8Za2K5V02ueA7Tmw==

enquire.js@^2.1.6:
  version "2.1.6"
  resolved "https://registry.yarnpkg.com/enquire.js/-/enquire.js-2.1.6.tgz#3e8780c9b8b835084c3f60e166dbc3c2a3c89814"
  integrity sha512-/KujNpO+PT63F7Hlpu4h3pE3TokKRHN26JYmQpPyjkRD/N57R7bPDNojMXdi7uveAKjYB7yQnartCxZnFWr0Xw==

fast-deep-equal@^3.1.3:
  version "3.1.3"
  resolved "https://registry.yarnpkg.com/fast-deep-equal/-/fast-deep-equal-3.1.3.tgz#3a7d56b559d6cbc3eb512325244e619a65c6c525"
  integrity sha512-f3qQ9oQy9j2AhBe/H9VC91wLmKBCCU/gDOnKNAYG5hswO7BLKj09Hc5HYNz9cGI++xlpDCIgDaitVs03ATR84Q==

follow-redirects@^1.14.8:
  version "1.15.2"
  resolved "https://registry.yarnpkg.com/follow-redirects/-/follow-redirects-1.15.2.tgz#b460864144ba63f2681096f274c4e57026da2c13"
  integrity sha512-VQLG33o04KaQ8uYi2tVNbdrWp1QWxNNea+nmIB4EVM28v0hmP17z7aG1+wAkNzVq4KeXTq3221ye5qTJP91JwA==

invariant@2.2.4:
  version "2.2.4"
  resolved "https://registry.yarnpkg.com/invariant/-/invariant-2.2.4.tgz#610f3c92c9359ce1db616e538008d23ff35158e6"
  integrity sha512-phJfQVBuaJM5raOpJjSfkiD6BpbCE4Ns//LaXl6wGYtUBY83nWS6Rf9tXm2e8VaK60JEjYldbPif/A2B1C2gNA==
  dependencies:
    loose-envify "^1.0.0"

"js-tokens@^3.0.0 || ^4.0.0":
  version "4.0.0"
  resolved "https://registry.yarnpkg.com/js-tokens/-/js-tokens-4.0.0.tgz#19203fb59991df98e3a287050d4647cdeaf32499"
  integrity sha512-RdJUflcE3cUzKiMqQgsCu06FPu9UdIJO0beYbPhHN4k6apgJtifcoCtT9bcxOpYBtpD2kCM6Sbzg4CausW/PKQ==

json2mq@^0.2.0:
  version "0.2.0"
  resolved "https://registry.yarnpkg.com/json2mq/-/json2mq-0.2.0.tgz#b637bd3ba9eabe122c83e9720483aeb10d2c904a"
  integrity sha512-SzoRg7ux5DWTII9J2qkrZrqV1gt+rTaoufMxEzXbS26Uid0NwaJd123HcoB80TgubEppxxIGdNxCx50fEoEWQA==
  dependencies:
    string-convert "^0.2.0"

kdbush@^3.0.0:
  version "3.0.0"
  resolved "https://registry.yarnpkg.com/kdbush/-/kdbush-3.0.0.tgz#f8484794d47004cc2d85ed3a79353dbe0abc2bf0"
  integrity sha512-hRkd6/XW4HTsA9vjVpY9tuXJYLSlelnkTmVFu4M9/7MIYQtFcHpbugAU7UbOfjOiVSVYl2fqgBuJ32JUmRo5Ew==

lodash.debounce@^4.0.8:
  version "4.0.8"
  resolved "https://registry.yarnpkg.com/lodash.debounce/-/lodash.debounce-4.0.8.tgz#82d79bff30a67c4005ffd5e2515300ad9ca4d7af"
  integrity sha512-FT1yDzDYEoYWhnSGnpE/4Kj1fLZkDFyqRb7fNt6FdYOSxlUWAtp42Eh6Wb0rGIv/m9Bgo7x4GhQbm5Ys4SG5ow==

loose-envify@^1.0.0, loose-envify@^1.1.0:
  version "1.4.0"
  resolved "https://registry.yarnpkg.com/loose-envify/-/loose-envify-1.4.0.tgz#71ee51fa7be4caec1a63839f7e682d8132d30caf"
  integrity sha512-lyuxPGr/Wfhrlem2CL/UcnUc1zcqKAImBDzukY7Y5F/yQiNdko6+fRLevlw1HgMySw7f611UIY408EtxRSoK3Q==
  dependencies:
    js-tokens "^3.0.0 || ^4.0.0"

react-dom@^18.2.0:
  version "18.2.0"
  resolved "https://registry.yarnpkg.com/react-dom/-/react-dom-18.2.0.tgz#22aaf38708db2674ed9ada224ca4aa708d821e3d"
  integrity sha512-6IMTriUmvsjHUjNtEDudZfuDQUoWXVxKHhlEGSk81n4YFS+r/Kl99wXiwlVXtPBtJenozv2P+hxDsw9eA7Xo6g==
  dependencies:
    loose-envify "^1.1.0"
    scheduler "^0.23.0"

react-slick@^0.29.0:
  version "0.29.0"
  resolved "https://registry.yarnpkg.com/react-slick/-/react-slick-0.29.0.tgz#0bed5ea42bf75a23d40c0259b828ed27627b51bb"
  integrity sha512-TGdOKE+ZkJHHeC4aaoH85m8RnFyWqdqRfAGkhd6dirmATXMZWAxOpTLmw2Ll/jPTQ3eEG7ercFr/sbzdeYCJXA==
  dependencies:
    classnames "^2.2.5"
    enquire.js "^2.1.6"
    json2mq "^0.2.0"
    lodash.debounce "^4.0.8"
    resize-observer-polyfill "^1.5.0"

resize-observer-polyfill@^1.5.0:
  version "1.5.1"
  resolved "https://registry.yarnpkg.com/resize-observer-polyfill/-/resize-observer-polyfill-1.5.1.tgz#0e9020dd3d21024458d4ebd27e23e40269810464"
  integrity sha512-LwZrotdHOo12nQuZlHEmtuXdqGoOD0OhaxopaNFxWzInpEgaLWoVuAMbTzixuosCx2nEG58ngzW3vxdWoxIgdg==

scheduler@^0.23.0:
  version "0.23.0"
  resolved "https://registry.yarnpkg.com/scheduler/-/scheduler-0.23.0.tgz#ba8041afc3d30eb206a487b6b384002e4e61fdfe"
  integrity sha512-CtuThmgHNg7zIZWAXi3AsyIzA3n4xx7aNyjwC2VJldO2LMVDhFK+63xGqq6CsJH4rTAt6/M+N4GhZiDYPx9eUw==
  dependencies:
    loose-envify "^1.1.0"

slick-carousel@^1.8.1:
  version "1.8.1"
  resolved "https://registry.yarnpkg.com/slick-carousel/-/slick-carousel-1.8.1.tgz#a4bfb29014887bb66ce528b90bd0cda262cc8f8d"
  integrity sha512-XB9Ftrf2EEKfzoQXt3Nitrt/IPbT+f1fgqBdoxO3W/+JYvtEOW6EgxnWfr9GH6nmULv7Y2tPmEX3koxThVmebA==

string-convert@^0.2.0:
  version "0.2.1"
  resolved "https://registry.yarnpkg.com/string-convert/-/string-convert-0.2.1.tgz#6982cc3049fbb4cd85f8b24568b9d9bf39eeff97"
  integrity sha512-u/1tdPl4yQnPBjnVrmdLo9gtuLvELKsAoRapekWggdiQNvvvum+jYF329d84NAa660KQw7pB2n36KrIKVoXa3A==

supercluster@^7.1.3:
  version "7.1.5"
  resolved "https://registry.yarnpkg.com/supercluster/-/supercluster-7.1.5.tgz#65a6ce4a037a972767740614c19051b64b8be5a3"
  integrity sha512-EulshI3pGUM66o6ZdH3ReiFcvHpM3vAigyK+vcxdjpJyEbIIrtbmBdY23mGgnI24uXiGFvrGq9Gkum/8U7vJWg==
  dependencies:
    kdbush "^3.0.0"
