# THIS IS AN AUTOGENERATED FILE. DO NOT EDIT THIS FILE DIRECTLY.
# yarn lockfile v1


"@apollo/react-common@^3.1.4":
  version "3.1.4"
  resolved "https://registry.yarnpkg.com/@apollo/react-common/-/react-common-3.1.4.tgz#ec13c985be23ea8e799c9ea18e696eccc97be345"
  integrity sha512-X5Kyro73bthWSCBJUC5XYQqMnG0dLWuDZmVkzog9dynovhfiVCV4kPSdgSIkqnb++cwCzOVuQ4rDKVwo2XRzQA==
  dependencies:
    ts-invariant "^0.4.4"
    tslib "^1.10.0"

"@apollo/react-components@^3.1.5":
  version "3.1.5"
  resolved "https://registry.yarnpkg.com/@apollo/react-components/-/react-components-3.1.5.tgz#040d2f35ce4947747efe16f76d59dcbd797ffdaf"
  integrity sha512-c82VyUuE9VBnJB7bnX+3dmwpIPMhyjMwyoSLyQWPHxz8jK4ak30XszJtqFf4eC4hwvvLYa+Ou6X73Q8V8e2/jg==
  dependencies:
    "@apollo/react-common" "^3.1.4"
    "@apollo/react-hooks" "^3.1.5"
    prop-types "^15.7.2"
    ts-invariant "^0.4.4"
    tslib "^1.10.0"

"@apollo/react-hoc@^3.1.5":
  version "3.1.5"
  resolved "https://registry.yarnpkg.com/@apollo/react-hoc/-/react-hoc-3.1.5.tgz#6552d2fb4aafc59fdc8f4e353358b98b89cfab6f"
  integrity sha512-jlZ2pvEnRevLa54H563BU0/xrYSgWQ72GksarxUzCHQW85nmn9wQln0kLBX7Ua7SBt9WgiuYQXQVechaaCulfQ==
  dependencies:
    "@apollo/react-common" "^3.1.4"
    "@apollo/react-components" "^3.1.5"
    hoist-non-react-statics "^3.3.0"
    ts-invariant "^0.4.4"
    tslib "^1.10.0"

"@apollo/react-hooks@^3.1.5":
  version "3.1.5"
  resolved "https://registry.yarnpkg.com/@apollo/react-hooks/-/react-hooks-3.1.5.tgz#7e710be52461255ae7fc0b3b9c2ece64299c10e6"
  integrity sha512-y0CJ393DLxIIkksRup4nt+vSjxalbZBXnnXxYbviq/woj+zKa431zy0yT4LqyRKpFy9ahMIwxBnBwfwIoupqLQ==
  dependencies:
    "@apollo/react-common" "^3.1.4"
    "@wry/equality" "^0.1.9"
    ts-invariant "^0.4.4"
    tslib "^1.10.0"

"@apollo/react-ssr@^3.1.5":
  version "3.1.5"
  resolved "https://registry.yarnpkg.com/@apollo/react-ssr/-/react-ssr-3.1.5.tgz#53703cd493afcde567acc6d5512cab03dafce6de"
  integrity sha512-wuLPkKlctNn3u8EU8rlECyktpOUCeekFfb0KhIKknpGY6Lza2Qu0bThx7D9MIbVEzhKadNNrzLcpk0Y8/5UuWg==
  dependencies:
    "@apollo/react-common" "^3.1.4"
    "@apollo/react-hooks" "^3.1.5"
    tslib "^1.10.0"

"@apollo/react-testing@^3.1.3":
  version "3.1.4"
  resolved "https://registry.yarnpkg.com/@apollo/react-testing/-/react-testing-3.1.4.tgz#f2e1b9b65a0bd773facf54db4fdb5995d162a72a"
  integrity sha512-1eKjN36UfIAnBVmfLbl12vQ/eCjTqYdaU95chGIQzT2uHd5BnasJu0z+MwXBrEs57A9WY9mFvLZxdjzQJXaacA==
  dependencies:
    "@apollo/react-common" "^3.1.4"
    fast-json-stable-stringify "^2.0.0"
    tslib "^1.10.0"

"@formatjs/intl-displaynames@^1.2.0":
  version "1.2.10"
  resolved "https://registry.yarnpkg.com/@formatjs/intl-displaynames/-/intl-displaynames-1.2.10.tgz#bb9625cca90b099978cd967c6a98aaf4e23fc878"
  integrity sha512-GROA2RP6+7Ouu0WnHFF78O5XIU7pBfI19WM1qm93l6MFWibUk67nCfVCK3VAYJkLy8L8ZxjkYT11VIAfvSz8wg==
  dependencies:
    "@formatjs/intl-utils" "^2.3.0"

"@formatjs/intl-listformat@^1.4.1":
  version "1.4.8"
  resolved "https://registry.yarnpkg.com/@formatjs/intl-listformat/-/intl-listformat-1.4.8.tgz#70b81005e7dcf74329cb5b314a940ce5fce36cd0"
  integrity sha512-WNMQlEg0e50VZrGIkgD5n7+DAMGt3boKi1GJALfhFMymslJb5i+5WzWxyj/3a929Z6MAFsmzRIJjKuv+BxKAOQ==
  dependencies:
    "@formatjs/intl-utils" "^2.3.0"

"@formatjs/intl-relativetimeformat@^4.5.9":
  version "4.5.16"
  resolved "https://registry.yarnpkg.com/@formatjs/intl-relativetimeformat/-/intl-relativetimeformat-4.5.16.tgz#7449cef3213dd66d25924ca41f125f87b58df95a"
  integrity sha512-IQ0haY97oHAH5OYUdykNiepdyEWj3SAT+Fp9ZpR85ov2JNiFx+12WWlxlVS8ehdyncC2ZMt/SwFIy2huK2+6/A==
  dependencies:
    "@formatjs/intl-utils" "^2.3.0"

"@formatjs/intl-unified-numberformat@^3.2.0":
  version "3.3.7"
  resolved "https://registry.yarnpkg.com/@formatjs/intl-unified-numberformat/-/intl-unified-numberformat-3.3.7.tgz#9995a24568908188e716d81a1de5b702b2ee00e2"
  integrity sha512-KnWgLRHzCAgT9eyt3OS34RHoyD7dPDYhRcuKn+/6Kv2knDF8Im43J6vlSW6Hm1w63fNq3ZIT1cFk7RuVO3Psag==
  dependencies:
    "@formatjs/intl-utils" "^2.3.0"

"@formatjs/intl-utils@^2.2.0", "@formatjs/intl-utils@^2.3.0":
  version "2.3.0"
  resolved "https://registry.yarnpkg.com/@formatjs/intl-utils/-/intl-utils-2.3.0.tgz#2dc8c57044de0340eb53a7ba602e59abf80dc799"
  integrity sha512-KWk80UPIzPmUg+P0rKh6TqspRw0G6eux1PuJr+zz47ftMaZ9QDwbGzHZbtzWkl5hgayM/qrKRutllRC7D/vVXQ==

"@googlemaps/js-api-loader@1.15.1":
  version "1.15.1"
  resolved "https://registry.yarnpkg.com/@googlemaps/js-api-loader/-/js-api-loader-1.15.1.tgz#7d5f1d55a4ec5c99b1d8f0708f3a46b83a71384c"
  integrity sha512-AsnEgNsB7S/VdrHGEQUaUM2e5tmjFGKBAfzR/AqO8O7TPq/jQGvoRw5liPBw4EMF38RDsHmKDV89q/X+qiUREQ==
  dependencies:
    fast-deep-equal "^3.1.3"

"@googlemaps/markerclusterer@2.0.15":
  version "2.0.15"
  resolved "https://registry.yarnpkg.com/@googlemaps/markerclusterer/-/markerclusterer-2.0.15.tgz#72052a23a061789c6055a13713b8852359cc03a9"
  integrity sha512-/I6Esi5FtyeVHsezN9Kut8zRJoqe7KkTIJXGVqpKFf6BjC7qQ1xRajLMkOz0s8XKgLevbr+KdYjuvmj+LohOGg==
  dependencies:
    fast-deep-equal "^3.1.3"
    supercluster "^7.1.3"

"@react-google-maps/api@^2.18.1":
  version "2.18.1"
  resolved "https://registry.yarnpkg.com/@react-google-maps/api/-/api-2.18.1.tgz#140bb134f50c98939b6eb440d01dbb7df562090c"
  integrity sha512-KVlUO/Shh+0g/3egWaKmY0sz6+0QOnYkBGvrBMJbz23519LauA+iJFc4NDCmWNHqD5Vhb/Bkg0kSJgq0Stz3Iw==
  dependencies:
    "@googlemaps/js-api-loader" "1.15.1"
    "@googlemaps/markerclusterer" "2.0.15"
    "@react-google-maps/infobox" "2.16.0"
    "@react-google-maps/marker-clusterer" "2.16.1"
    "@types/google.maps" "3.50.5"
    invariant "2.2.4"

"@react-google-maps/infobox@2.16.0":
  version "2.16.0"
  resolved "https://registry.yarnpkg.com/@react-google-maps/infobox/-/infobox-2.16.0.tgz#871423de1a1ffb08518927b083b239d92e58ce4e"
  integrity sha512-ZojiMS25388RcUHQPycUAerSqdHDom+3dHczVcXHdT/i8fka3O8InkHxXwMhvBoM143ips7mv2BPaYOAJ5f4Nw==

"@react-google-maps/marker-clusterer@2.16.1":
  version "2.16.1"
  resolved "https://registry.yarnpkg.com/@react-google-maps/marker-clusterer/-/marker-clusterer-2.16.1.tgz#882878a7b49ce9ae44c7b02ff6fbc4c2aeb77c95"
  integrity sha512-jOuyqzWLeXvQcoAu6TCVWHAuko+sDt0JjawNHBGqUNLywMtTCvYP0L0PiqJZOUCUeRYGdUy0AKxQ+30vAkvwag==

"@types/google.maps@3.50.5":
  version "3.50.5"
  resolved "https://registry.yarnpkg.com/@types/google.maps/-/google.maps-3.50.5.tgz#a0d12675b547205fc163c4b8d999db305ba3862a"
  integrity sha512-RuZf1MJtctGlpW+Gd4a/eGtAufUDjMf+eyN1l+B3fbe2YLScJbg8KEljJfb+6vnSPFAeM1/48geVIEg3vqOkxw==

"@types/hoist-non-react-statics@^3.3.1":
  version "3.3.1"
  resolved "https://registry.yarnpkg.com/@types/hoist-non-react-statics/-/hoist-non-react-statics-3.3.1.tgz#1124aafe5118cb591977aeb1ceaaed1070eb039f"
  integrity sha512-iMIqiko6ooLrTh1joXodJK5X9xeEALT1kM5G3ZLhD3hszxBdIEd5C75U834D9mLcINgD4OyZf5uQXjkuYydWvA==
  dependencies:
    "@types/react" "*"
    hoist-non-react-statics "^3.3.0"

"@types/invariant@^2.2.31":
  version "2.2.34"
  resolved "https://registry.yarnpkg.com/@types/invariant/-/invariant-2.2.34.tgz#05e4f79f465c2007884374d4795452f995720bbe"
  integrity sha512-lYUtmJ9BqUN688fGY1U1HZoWT1/Jrmgigx2loq4ZcJpICECm/Om3V314BxdzypO0u5PORKGMM6x0OXaljV1YFg==

"@types/node@>=6":
  version "14.14.6"
  resolved "https://registry.yarnpkg.com/@types/node/-/node-14.14.6.tgz#146d3da57b3c636cc0d1769396ce1cfa8991147f"
  integrity sha512-6QlRuqsQ/Ox/aJEQWBEJG7A9+u7oSYl3mem/K8IzxXG/kAGbV1YPD9Bg9Zw3vyxC/YP+zONKwy8hGkSt1jxFMw==

"@types/node@^13.9.8":
  version "13.13.30"
  resolved "https://registry.yarnpkg.com/@types/node/-/node-13.13.30.tgz#1ed6e01e4ca576d5aec9cc802cc3bcf94c274192"
  integrity sha512-HmqFpNzp3TSELxU/bUuRK+xzarVOAsR00hzcvM0TXrMlt/+wcSLa5q6YhTb6/cA6wqDCZLDcfd8fSL95x5h7AA==

"@types/prop-types@*":
  version "15.7.3"
  resolved "https://registry.yarnpkg.com/@types/prop-types/-/prop-types-15.7.3.tgz#2ab0d5da2e5815f94b0b9d4b95d1e5f243ab2ca7"
  integrity sha512-KfRL3PuHmqQLOG+2tGpRO26Ctg+Cq1E01D2DMriKEATHgWLfeNDmq9e29Q9WIky0dQ3NPkd1mzYH8Lm936Z9qw==

"@types/react-dom@^18.0.10":
  version "18.0.10"
  resolved "https://registry.yarnpkg.com/@types/react-dom/-/react-dom-18.0.10.tgz#3b66dec56aa0f16a6cc26da9e9ca96c35c0b4352"
  integrity sha512-E42GW/JA4Qv15wQdqJq8DL4JhNpB3prJgjgapN3qJT9K2zO5IIAQh4VXvCEDupoqAwnz0cY4RlXeC/ajX5SFHg==
  dependencies:
    "@types/react" "*"

"@types/react-geocode@^0.2.1":
  version "0.2.1"
  resolved "https://registry.yarnpkg.com/@types/react-geocode/-/react-geocode-0.2.1.tgz#0ec8d5d8d3e8994136f147a3d3cb8a4136ad2fd6"
  integrity sha512-iZAvDCFNYc3jZqB/MoPkOE/Gc0AzrBkCjpQnVpRKrDB6v8k6i4Cp+fpV7y3MLg13zasovTpuguo25nkVc31fcA==

"@types/react-slick@^0.23.10":
  version "0.23.10"
  resolved "https://registry.yarnpkg.com/@types/react-slick/-/react-slick-0.23.10.tgz#56126e6e4e95cdce7771535b2811c2c1931a7caa"
  integrity sha512-ZiqdencANDZy6sWOWJ54LDvebuXFEhDlHtXU9FFipQR2BcYU2QJxZhvJPW6YK7cocibUiNn+YvDTbt1HtCIBVA==
  dependencies:
    "@types/react" "*"

"@types/react@*", "@types/react@^16.9.31":
  version "16.9.55"
  resolved "https://registry.yarnpkg.com/@types/react/-/react-16.9.55.tgz#47078587f5bfe028a23b6b46c7b94ac0d436acff"
  integrity sha512-6KLe6lkILeRwyyy7yG9rULKJ0sXplUsl98MGoCfpteXf9sPWFWWMknDcsvubcpaTdBuxtsLF6HDUwdApZL/xIg==
  dependencies:
    "@types/prop-types" "*"
    csstype "^3.0.2"

"@types/zen-observable@^0.8.0":
  version "0.8.1"
  resolved "https://registry.yarnpkg.com/@types/zen-observable/-/zen-observable-0.8.1.tgz#5668c0bce55a91f2b9566b1d8a4c0a8dbbc79764"
  integrity sha512-wmk0xQI6Yy7Fs/il4EpOcflG4uonUpYGqvZARESLc2oy4u69fkatFLbJOeW4Q6awO15P4rduAe6xkwHevpXcUQ==

"@vtex/tsconfig@^0.4.4":
  version "0.4.4"
  resolved "https://registry.yarnpkg.com/@vtex/tsconfig/-/tsconfig-0.4.4.tgz#03fd9a65aabe4820e57a9ef14a01fdda1fab26fd"
  integrity sha512-aja4GABSbOyAC02TBEHem9ONN01fmKJR70t1+PNCgHGrmSVaLcjjQ7HbU0hhoyp+q7MvRIZznM60tIlntTogNA==

"@wry/context@^0.4.0":
  version "0.4.4"
  resolved "https://registry.yarnpkg.com/@wry/context/-/context-0.4.4.tgz#e50f5fa1d6cfaabf2977d1fda5ae91717f8815f8"
  integrity sha512-LrKVLove/zw6h2Md/KZyWxIkFM6AoyKp71OqpH9Hiip1csjPVoD3tPxlbQUNxEnHENks3UGgNpSBCAfq9KWuag==
  dependencies:
    "@types/node" ">=6"
    tslib "^1.9.3"

"@wry/equality@^0.1.2", "@wry/equality@^0.1.9":
  version "0.1.11"
  resolved "https://registry.yarnpkg.com/@wry/equality/-/equality-0.1.11.tgz#35cb156e4a96695aa81a9ecc4d03787bc17f1790"
  integrity sha512-mwEVBDUVODlsQQ5dfuLUS5/Tf7jqUKyhKYHmVi4fPB6bDMOfWvUPJmKgS1Z7Za/sOI3vzWt4+O7yCiL/70MogA==
  dependencies:
    tslib "^1.9.3"

apollo-cache-inmemory@^1.6.5:
  version "1.6.6"
  resolved "https://registry.yarnpkg.com/apollo-cache-inmemory/-/apollo-cache-inmemory-1.6.6.tgz#56d1f2a463a6b9db32e9fa990af16d2a008206fd"
  integrity sha512-L8pToTW/+Xru2FFAhkZ1OA9q4V4nuvfoPecBM34DecAugUZEBhI2Hmpgnzq2hTKZ60LAMrlqiASm0aqAY6F8/A==
  dependencies:
    apollo-cache "^1.3.5"
    apollo-utilities "^1.3.4"
    optimism "^0.10.0"
    ts-invariant "^0.4.0"
    tslib "^1.10.0"

apollo-cache@1.3.5, apollo-cache@^1.3.5:
  version "1.3.5"
  resolved "https://registry.yarnpkg.com/apollo-cache/-/apollo-cache-1.3.5.tgz#9dbebfc8dbe8fe7f97ba568a224bca2c5d81f461"
  integrity sha512-1XoDy8kJnyWY/i/+gLTEbYLnoiVtS8y7ikBr/IfmML4Qb+CM7dEEbIUOjnY716WqmZ/UpXIxTfJsY7rMcqiCXA==
  dependencies:
    apollo-utilities "^1.3.4"
    tslib "^1.10.0"

apollo-client@^2.6.8:
  version "2.6.10"
  resolved "https://registry.yarnpkg.com/apollo-client/-/apollo-client-2.6.10.tgz#86637047b51d940c8eaa771a4ce1b02df16bea6a"
  integrity sha512-jiPlMTN6/5CjZpJOkGeUV0mb4zxx33uXWdj/xQCfAMkuNAC3HN7CvYDyMHHEzmcQ5GV12LszWoQ/VlxET24CtA==
  dependencies:
    "@types/zen-observable" "^0.8.0"
    apollo-cache "1.3.5"
    apollo-link "^1.0.0"
    apollo-utilities "1.3.4"
    symbol-observable "^1.0.2"
    ts-invariant "^0.4.0"
    tslib "^1.10.0"
    zen-observable "^0.8.0"

apollo-link@^1.0.0:
  version "1.2.14"
  resolved "https://registry.yarnpkg.com/apollo-link/-/apollo-link-1.2.14.tgz#3feda4b47f9ebba7f4160bef8b977ba725b684d9"
  integrity sha512-p67CMEFP7kOG1JZ0ZkYZwRDa369w5PIjtMjvrQd/HnIV8FRsHRqLqK+oAZQnFa1DDdZtOtHTi+aMIW6EatC2jg==
  dependencies:
    apollo-utilities "^1.3.0"
    ts-invariant "^0.4.0"
    tslib "^1.9.3"
    zen-observable-ts "^0.8.21"

apollo-utilities@1.3.4, apollo-utilities@^1.3.0, apollo-utilities@^1.3.4:
  version "1.3.4"
  resolved "https://registry.yarnpkg.com/apollo-utilities/-/apollo-utilities-1.3.4.tgz#6129e438e8be201b6c55b0f13ce49d2c7175c9cf"
  integrity sha512-pk2hiWrCXMAy2fRPwEyhvka+mqwzeP60Jr1tRYi5xru+3ko94HI9o6lK0CT33/w4RDlxWchmdhDCrvdr+pHCig==
  dependencies:
    "@wry/equality" "^0.1.2"
    fast-json-stable-stringify "^2.0.0"
    ts-invariant "^0.4.0"
    tslib "^1.10.0"

axios@0.26.0:
  version "0.26.0"
  resolved "https://registry.yarnpkg.com/axios/-/axios-0.26.0.tgz#9a318f1c69ec108f8cd5f3c3d390366635e13928"
  integrity sha512-lKoGLMYtHvFrPVt3r+RBMp9nh34N0M8zEfCWqdWZx6phynIEhQqAdydpyBAAG211zlhX9Rgu08cOamy6XjE5Og==
  dependencies:
    follow-redirects "^1.14.8"

classnames@^2.2.5:
  version "2.3.1"
  resolved "https://registry.yarnpkg.com/classnames/-/classnames-2.3.1.tgz#dfcfa3891e306ec1dad105d0e88f4417b8535e8e"
  integrity sha512-OlQdbZ7gLfGarSqxesMesDa5uz7KFbID8Kpq/SxIoNGDqY8lSYs0D+hhtBXhcdB3rcbXArFr7vlHheLk1voeNA==

csstype@^3.0.2:
  version "3.0.4"
  resolved "https://registry.yarnpkg.com/csstype/-/csstype-3.0.4.tgz#b156d7be03b84ff425c9a0a4b1e5f4da9c5ca888"
  integrity sha512-xc8DUsCLmjvCfoD7LTGE0ou2MIWLx0K9RCZwSHMOdynqRsP4MtUcLeqh1HcQ2dInwDTqn+3CE0/FZh1et+p4jA==

enquire.js@^2.1.6:
  version "2.1.6"
  resolved "https://registry.yarnpkg.com/enquire.js/-/enquire.js-2.1.6.tgz#3e8780c9b8b835084c3f60e166dbc3c2a3c89814"
  integrity sha1-PoeAybi4NQhMP2DhZtvDwqPImBQ=

fast-deep-equal@^3.1.3:
  version "3.1.3"
  resolved "https://registry.yarnpkg.com/fast-deep-equal/-/fast-deep-equal-3.1.3.tgz#3a7d56b559d6cbc3eb512325244e619a65c6c525"
  integrity sha512-f3qQ9oQy9j2AhBe/H9VC91wLmKBCCU/gDOnKNAYG5hswO7BLKj09Hc5HYNz9cGI++xlpDCIgDaitVs03ATR84Q==

fast-json-stable-stringify@^2.0.0:
  version "2.1.0"
  resolved "https://registry.yarnpkg.com/fast-json-stable-stringify/-/fast-json-stable-stringify-2.1.0.tgz#874bf69c6f404c2b5d99c481341399fd55892633"
  integrity sha512-lhd/wF+Lk98HZoTCtlVraHtfh5XYijIjalXck7saUtuanSDyLMxnHhSXEDJqHxD7msR8D0uCmqlkwjCV8xvwHw==

follow-redirects@^1.14.8:
  version "1.15.2"
  resolved "https://registry.yarnpkg.com/follow-redirects/-/follow-redirects-1.15.2.tgz#b460864144ba63f2681096f274c4e57026da2c13"
  integrity sha512-VQLG33o04KaQ8uYi2tVNbdrWp1QWxNNea+nmIB4EVM28v0hmP17z7aG1+wAkNzVq4KeXTq3221ye5qTJP91JwA==

graphql@^14.6.0:
  version "14.7.0"
  resolved "https://registry.yarnpkg.com/graphql/-/graphql-14.7.0.tgz#7fa79a80a69be4a31c27dda824dc04dac2035a72"
  integrity sha512-l0xWZpoPKpppFzMfvVyFmp9vLN7w/ZZJPefUicMCepfJeQ8sMcztloGYY9DfjVPo6tIUDzU5Hw3MUbIjj9AVVA==
  dependencies:
    iterall "^1.2.2"

hoist-non-react-statics@^3.3.0, hoist-non-react-statics@^3.3.2:
  version "3.3.2"
  resolved "https://registry.yarnpkg.com/hoist-non-react-statics/-/hoist-non-react-statics-3.3.2.tgz#ece0acaf71d62c2969c2ec59feff42a4b1a85b45"
  integrity sha512-/gGivxi8JPKWNm/W0jSmzcMPpfpPLc3dY/6GxhX2hQ9iGj3aDfklV4ET7NjKpSinLpJ5vafa9iiGIEZg10SfBw==
  dependencies:
    react-is "^16.7.0"

intl-format-cache@^4.2.21:
  version "4.3.1"
  resolved "https://registry.yarnpkg.com/intl-format-cache/-/intl-format-cache-4.3.1.tgz#484d31a9872161e6c02139349b259a6229ade377"
  integrity sha512-OEUYNA7D06agqPOYhbTkl0T8HA3QKSuwWh1HiClEnpd9vw7N+3XsQt5iZ0GUEchp5CW1fQk/tary+NsbF3yQ1Q==

intl-messageformat-parser@^3.6.4:
  version "3.6.4"
  resolved "https://registry.yarnpkg.com/intl-messageformat-parser/-/intl-messageformat-parser-3.6.4.tgz#5199d106d816c3dda26ee0694362a9cf823978fb"
  integrity sha512-RgPGwue0mJtoX2Ax8EmMzJzttxjnva7gx0Q7mKJ4oALrTZvtmCeAw5Msz2PcjW4dtCh/h7vN/8GJCxZO1uv+OA==
  dependencies:
    "@formatjs/intl-unified-numberformat" "^3.2.0"

intl-messageformat@^7.8.4:
  version "7.8.4"
  resolved "https://registry.yarnpkg.com/intl-messageformat/-/intl-messageformat-7.8.4.tgz#c29146a06b9cd26662978a4d95fff2b133e3642f"
  integrity sha512-yS0cLESCKCYjseCOGXuV4pxJm/buTfyCJ1nzQjryHmSehlptbZbn9fnlk1I9peLopZGGbjj46yHHiTAEZ1qOTA==
  dependencies:
    intl-format-cache "^4.2.21"
    intl-messageformat-parser "^3.6.4"

invariant@2.2.4:
  version "2.2.4"
  resolved "https://registry.yarnpkg.com/invariant/-/invariant-2.2.4.tgz#610f3c92c9359ce1db616e538008d23ff35158e6"
  integrity sha512-phJfQVBuaJM5raOpJjSfkiD6BpbCE4Ns//LaXl6wGYtUBY83nWS6Rf9tXm2e8VaK60JEjYldbPif/A2B1C2gNA==
  dependencies:
    loose-envify "^1.0.0"

iterall@^1.2.2:
  version "1.3.0"
  resolved "https://registry.yarnpkg.com/iterall/-/iterall-1.3.0.tgz#afcb08492e2915cbd8a0884eb93a8c94d0d72fea"
  integrity sha512-QZ9qOMdF+QLHxy1QIpUHUU1D5pS2CG2P69LF6L6CPjPYA/XMOmKV3PZpawHoAjHNyB0swdVTRxdYT4tbBbxqwg==

"js-tokens@^3.0.0 || ^4.0.0":
  version "4.0.0"
  resolved "https://registry.yarnpkg.com/js-tokens/-/js-tokens-4.0.0.tgz#19203fb59991df98e3a287050d4647cdeaf32499"
  integrity sha512-RdJUflcE3cUzKiMqQgsCu06FPu9UdIJO0beYbPhHN4k6apgJtifcoCtT9bcxOpYBtpD2kCM6Sbzg4CausW/PKQ==

json2mq@^0.2.0:
  version "0.2.0"
  resolved "https://registry.yarnpkg.com/json2mq/-/json2mq-0.2.0.tgz#b637bd3ba9eabe122c83e9720483aeb10d2c904a"
  integrity sha1-tje9O6nqvhIsg+lyBIOusQ0skEo=
  dependencies:
    string-convert "^0.2.0"

kdbush@^3.0.0:
  version "3.0.0"
  resolved "https://registry.yarnpkg.com/kdbush/-/kdbush-3.0.0.tgz#f8484794d47004cc2d85ed3a79353dbe0abc2bf0"
  integrity sha512-hRkd6/XW4HTsA9vjVpY9tuXJYLSlelnkTmVFu4M9/7MIYQtFcHpbugAU7UbOfjOiVSVYl2fqgBuJ32JUmRo5Ew==

lodash.debounce@^4.0.8:
  version "4.0.8"
  resolved "https://registry.yarnpkg.com/lodash.debounce/-/lodash.debounce-4.0.8.tgz#82d79bff30a67c4005ffd5e2515300ad9ca4d7af"
  integrity sha1-gteb/zCmfEAF/9XiUVMArZyk168=

loose-envify@^1.0.0, loose-envify@^1.1.0, loose-envify@^1.4.0:
  version "1.4.0"
  resolved "https://registry.yarnpkg.com/loose-envify/-/loose-envify-1.4.0.tgz#71ee51fa7be4caec1a63839f7e682d8132d30caf"
  integrity sha512-lyuxPGr/Wfhrlem2CL/UcnUc1zcqKAImBDzukY7Y5F/yQiNdko6+fRLevlw1HgMySw7f611UIY408EtxRSoK3Q==
  dependencies:
    js-tokens "^3.0.0 || ^4.0.0"

object-assign@^4.1.1:
  version "4.1.1"
  resolved "https://registry.yarnpkg.com/object-assign/-/object-assign-4.1.1.tgz#2109adc7965887cfc05cbbd442cac8bfbb360863"
  integrity sha1-IQmtx5ZYh8/AXLvUQsrIv7s2CGM=

optimism@^0.10.0:
  version "0.10.3"
  resolved "https://registry.yarnpkg.com/optimism/-/optimism-0.10.3.tgz#163268fdc741dea2fb50f300bedda80356445fd7"
  integrity sha512-9A5pqGoQk49H6Vhjb9kPgAeeECfUDF6aIICbMDL23kDLStBn1MWk3YvcZ4xWF9CsSf6XEgvRLkXy4xof/56vVw==
  dependencies:
    "@wry/context" "^0.4.0"

prop-types@^15:
  version "15.8.1"
  resolved "https://registry.yarnpkg.com/prop-types/-/prop-types-15.8.1.tgz#67d87bf1a694f48435cf332c24af10214a3140b5"
  integrity sha512-oj87CgZICdulUohogVAR7AjlC0327U4el4L6eAvOqCeudMDVU0NThNaV+b9Df4dXgSP1gXMTnPdhfe/2qDH5cg==
  dependencies:
    loose-envify "^1.4.0"
    object-assign "^4.1.1"
    react-is "^16.13.1"

prop-types@^15.6.2, prop-types@^15.7.2:
  version "15.7.2"
  resolved "https://registry.yarnpkg.com/prop-types/-/prop-types-15.7.2.tgz#52c41e75b8c87e72b9d9360e0206b99dcbffa6c5"
  integrity sha512-8QQikdH7//R2vurIJSutZ1smHYTcLpRWEOlHnzcWHmBYrOGUysKwSsrC89BCiFj3CbrfJ/nXFdJepOVrY1GCHQ==
  dependencies:
    loose-envify "^1.4.0"
    object-assign "^4.1.1"
    react-is "^16.8.1"

react-apollo@^3.1.5:
  version "3.1.5"
  resolved "https://registry.yarnpkg.com/react-apollo/-/react-apollo-3.1.5.tgz#36692d393c47e7ccc37f0a885c7cc5a8b4961c91"
  integrity sha512-xOxMqxORps+WHrUYbjVHPliviomefOpu5Sh35oO3osuOyPTxvrljdfTLGCggMhcXBsDljtS5Oy4g+ijWg3D4JQ==
  dependencies:
    "@apollo/react-common" "^3.1.4"
    "@apollo/react-components" "^3.1.5"
    "@apollo/react-hoc" "^3.1.5"
    "@apollo/react-hooks" "^3.1.5"
    "@apollo/react-ssr" "^3.1.5"

react-dom@^16.14.0:
  version "16.14.0"
  resolved "https://registry.yarnpkg.com/react-dom/-/react-dom-16.14.0.tgz#7ad838ec29a777fb3c75c3a190f661cf92ab8b89"
  integrity sha512-1gCeQXDLoIqMgqD3IO2Ah9bnf0w9kzhwN5q4FGnHZ67hBm9yePzB5JJAIQCc8x3pFnNlwFq4RidZggNAAkzWWw==
  dependencies:
    loose-envify "^1.1.0"
    object-assign "^4.1.1"
    prop-types "^15.6.2"
    scheduler "^0.19.1"

react-geocode@^0.2.3:
  version "0.2.3"
  resolved "https://registry.yarnpkg.com/react-geocode/-/react-geocode-0.2.3.tgz#e27fa3f212a2629b2b2bb2a3a325a12b802b2dae"
  integrity sha512-sIpbgmn1IUzAxO4haOZ6jeeFnMD8ya9PC38yiNrmJ9vPWbvAO2D/2yfCBzZjGZVUm4PRzKAc0KghXfaEnug0TQ==
  dependencies:
    regenerator-runtime "^0.13.3"

react-intl@^3.12.0:
  version "3.12.1"
  resolved "https://registry.yarnpkg.com/react-intl/-/react-intl-3.12.1.tgz#e9a783ea20302e9da25e4eda59e5593a43d2ec80"
  integrity sha512-cgumW29mwROIqyp8NXStYsoIm27+8FqnxykiLSawWjOxGIBeLuN/+p2srei5SRIumcJefOkOIHP+NDck05RgHg==
  dependencies:
    "@formatjs/intl-displaynames" "^1.2.0"
    "@formatjs/intl-listformat" "^1.4.1"
    "@formatjs/intl-relativetimeformat" "^4.5.9"
    "@formatjs/intl-unified-numberformat" "^3.2.0"
    "@formatjs/intl-utils" "^2.2.0"
    "@types/hoist-non-react-statics" "^3.3.1"
    "@types/invariant" "^2.2.31"
    hoist-non-react-statics "^3.3.2"
    intl-format-cache "^4.2.21"
    intl-messageformat "^7.8.4"
    intl-messageformat-parser "^3.6.4"
    shallow-equal "^1.2.1"

react-is@^16.13.1, react-is@^16.7.0, react-is@^16.8.1:
  version "16.13.1"
  resolved "https://registry.yarnpkg.com/react-is/-/react-is-16.13.1.tgz#789729a4dc36de2999dc156dd6c1d9c18cea56a4"
  integrity sha512-24e6ynE2H+OKt4kqsOvNd8kBpV65zoxbA4BVsEOB3ARVWQki/DHzaUoC5KuON/BiccDaCCTZBuOcfZs70kR8bQ==

react-paginate@^8.2.0:
  version "8.2.0"
  resolved "https://registry.yarnpkg.com/react-paginate/-/react-paginate-8.2.0.tgz#947c3dcb444a6c16c1bcf8361871aa135baa3dcd"
  integrity sha512-sJCz1PW+9PNIjUSn919nlcRVuleN2YPoFBOvL+6TPgrH/3lwphqiSOgdrLafLdyLDxsgK+oSgviqacF4hxsDIw==
  dependencies:
    prop-types "^15"

react-slick@^0.29.0:
  version "0.29.0"
  resolved "https://registry.yarnpkg.com/react-slick/-/react-slick-0.29.0.tgz#0bed5ea42bf75a23d40c0259b828ed27627b51bb"
  integrity sha512-TGdOKE+ZkJHHeC4aaoH85m8RnFyWqdqRfAGkhd6dirmATXMZWAxOpTLmw2Ll/jPTQ3eEG7ercFr/sbzdeYCJXA==
  dependencies:
    classnames "^2.2.5"
    enquire.js "^2.1.6"
    json2mq "^0.2.0"
    lodash.debounce "^4.0.8"
    resize-observer-polyfill "^1.5.0"

react@^16.12.0:
  version "16.14.0"
  resolved "https://registry.yarnpkg.com/react/-/react-16.14.0.tgz#94d776ddd0aaa37da3eda8fc5b6b18a4c9a3114d"
  integrity sha512-0X2CImDkJGApiAlcf0ODKIneSwBPhqJawOa5wCtKbu7ZECrmS26NvtSILynQ66cgkT/RJ4LidJOc3bUESwmU8g==
  dependencies:
    loose-envify "^1.1.0"
    object-assign "^4.1.1"
    prop-types "^15.6.2"

regenerator-runtime@^0.13.3:
  version "0.13.11"
  resolved "https://registry.yarnpkg.com/regenerator-runtime/-/regenerator-runtime-0.13.11.tgz#f6dca3e7ceec20590d07ada785636a90cdca17f9"
  integrity sha512-kY1AZVr2Ra+t+piVaJ4gxaFaReZVH40AKNo7UCX6W+dEwBo/2oZJzqfuN1qLq1oL45o56cPaTXELwrTh8Fpggg==

resize-observer-polyfill@^1.5.0:
  version "1.5.1"
  resolved "https://registry.yarnpkg.com/resize-observer-polyfill/-/resize-observer-polyfill-1.5.1.tgz#0e9020dd3d21024458d4ebd27e23e40269810464"
  integrity sha512-LwZrotdHOo12nQuZlHEmtuXdqGoOD0OhaxopaNFxWzInpEgaLWoVuAMbTzixuosCx2nEG58ngzW3vxdWoxIgdg==

scheduler@^0.19.1:
  version "0.19.1"
  resolved "https://registry.yarnpkg.com/scheduler/-/scheduler-0.19.1.tgz#4f3e2ed2c1a7d65681f4c854fa8c5a1ccb40f196"
  integrity sha512-n/zwRWRYSUj0/3g/otKDRPMh6qv2SYMWNq85IEa8iZyAv8od9zDYpGSnpBEjNgcMNq6Scbu5KfIPxNF72R/2EA==
  dependencies:
    loose-envify "^1.1.0"
    object-assign "^4.1.1"

shallow-equal@^1.2.1:
  version "1.2.1"
  resolved "https://registry.yarnpkg.com/shallow-equal/-/shallow-equal-1.2.1.tgz#4c16abfa56043aa20d050324efa68940b0da79da"
  integrity sha512-S4vJDjHHMBaiZuT9NPb616CSmLf618jawtv3sufLl6ivK8WocjAo58cXwbRV1cgqxH0Qbv+iUt6m05eqEa2IRA==

slick-carousel@^1.8.1:
  version "1.8.1"
  resolved "https://registry.yarnpkg.com/slick-carousel/-/slick-carousel-1.8.1.tgz#a4bfb29014887bb66ce528b90bd0cda262cc8f8d"
  integrity sha512-XB9Ftrf2EEKfzoQXt3Nitrt/IPbT+f1fgqBdoxO3W/+JYvtEOW6EgxnWfr9GH6nmULv7Y2tPmEX3koxThVmebA==

string-convert@^0.2.0:
  version "0.2.1"
  resolved "https://registry.yarnpkg.com/string-convert/-/string-convert-0.2.1.tgz#6982cc3049fbb4cd85f8b24568b9d9bf39eeff97"
  integrity sha1-aYLMMEn7tM2F+LJFaLnZvznu/5c=

supercluster@^7.1.3:
  version "7.1.5"
  resolved "https://registry.yarnpkg.com/supercluster/-/supercluster-7.1.5.tgz#65a6ce4a037a972767740614c19051b64b8be5a3"
  integrity sha512-EulshI3pGUM66o6ZdH3ReiFcvHpM3vAigyK+vcxdjpJyEbIIrtbmBdY23mGgnI24uXiGFvrGq9Gkum/8U7vJWg==
  dependencies:
    kdbush "^3.0.0"

symbol-observable@^1.0.2:
  version "1.2.0"
  resolved "https://registry.yarnpkg.com/symbol-observable/-/symbol-observable-1.2.0.tgz#c22688aed4eab3cdc2dfeacbb561660560a00804"
  integrity sha512-e900nM8RRtGhlV36KGEU9k65K3mPb1WV70OdjfxlG2EAuM1noi/E/BaW/uMhL7bPEssK8QV57vN3esixjUvcXQ==

ts-invariant@^0.4.0, ts-invariant@^0.4.4:
  version "0.4.4"
  resolved "https://registry.yarnpkg.com/ts-invariant/-/ts-invariant-0.4.4.tgz#97a523518688f93aafad01b0e80eb803eb2abd86"
  integrity sha512-uEtWkFM/sdZvRNNDL3Ehu4WVpwaulhwQszV8mrtcdeE8nN00BV9mAmQ88RkrBhFgl9gMgvjJLAQcZbnPXI9mlA==
  dependencies:
    tslib "^1.9.3"

tslib@^1.10.0, tslib@^1.9.3:
  version "1.14.1"
  resolved "https://registry.yarnpkg.com/tslib/-/tslib-1.14.1.tgz#cf2d38bdc34a134bcaf1091c41f6619e2f672d00"
  integrity sha512-Xni35NKzjgMrwevysHTCArtLDpPvye8zV/0E4EyYn43P7/7qvQwPh9BGkHewbMulVntbigmcT7rdX3BNo9wRJg==

typescript@3.9.7:
  version "3.9.7"
  resolved "https://registry.yarnpkg.com/typescript/-/typescript-3.9.7.tgz#98d600a5ebdc38f40cb277522f12dc800e9e25fa"
  integrity sha512-BLbiRkiBzAwsjut4x/dsibSTB6yWpwT5qWmC2OfuCg3GgVQCSgMs4vEctYPhsaGtd0AeuuHMkjZ2h2WG8MSzRw==

"vtex.add-to-cart-button@http://vtex.vtexassets.com/_v/public/typings/v1/vtex.add-to-cart-button@0.26.4/public/@types/vtex.add-to-cart-button":
  version "0.26.4"
  resolved "http://vtex.vtexassets.com/_v/public/typings/v1/vtex.add-to-cart-button@0.26.4/public/@types/vtex.add-to-cart-button#9673f3f584291c655e52c4859e716c50096cb0cc"

"vtex.breadcrumb@http://vtex.vtexassets.com/_v/public/typings/v1/vtex.breadcrumb@1.9.2/public/@types/vtex.breadcrumb":
  version "1.9.2"
  resolved "http://vtex.vtexassets.com/_v/public/typings/v1/vtex.breadcrumb@1.9.2/public/@types/vtex.breadcrumb#ed2add018d6c48839e278a8dc84d847a59c2824d"

"vtex.carousel@http://vtex.vtexassets.com/_v/public/typings/v1/vtex.carousel@2.12.1/public/@types/vtex.carousel":
  version "2.12.1"
  resolved "http://vtex.vtexassets.com/_v/public/typings/v1/vtex.carousel@2.12.1/public/@types/vtex.carousel#f99139a9d22227fa239192a058defd13f8cc50be"

"vtex.checkout-summary@http://vtex.vtexassets.com/_v/public/typings/v1/vtex.checkout-summary@0.18.0/public/@types/vtex.checkout-summary":
  version "0.18.0"
  resolved "http://vtex.vtexassets.com/_v/public/typings/v1/vtex.checkout-summary@0.18.0/public/@types/vtex.checkout-summary#38c2252ac575c513570c95c02f0dddcffeaacee2"

"vtex.condition-layout@http://vtex.vtexassets.com/_v/public/typings/v1/vtex.condition-layout@2.1.3/public/@types/vtex.condition-layout":
  version "2.1.3"
  resolved "http://vtex.vtexassets.com/_v/public/typings/v1/vtex.condition-layout@2.1.3/public/@types/vtex.condition-layout#b175c88e9a6cde02b0ff2eace0462db08e32876d"

"vtex.device-detector@http://vtex.vtexassets.com/_v/public/typings/v1/vtex.device-detector@0.2.4/public/@types/vtex.device-detector":
  version "0.2.4"
  resolved "http://vtex.vtexassets.com/_v/public/typings/v1/vtex.device-detector@0.2.4/public/@types/vtex.device-detector#bdf7ba78ba34e4ada63cca2bdf56e1674da068b9"

"vtex.disclosure-layout@http://vtex.vtexassets.com/_v/public/typings/v1/vtex.disclosure-layout@1.0.3/public/@types/vtex.disclosure-layout":
  version "1.0.3"
  resolved "http://vtex.vtexassets.com/_v/public/typings/v1/vtex.disclosure-layout@1.0.3/public/@types/vtex.disclosure-layout#15590cd6a3f23e5a7591d76ad1a44b5c0c6a088a"

"vtex.flex-layout@http://vtex.vtexassets.com/_v/public/typings/v1/vtex.flex-layout@0.17.0/public/@types/vtex.flex-layout":
  version "0.17.0"
  resolved "http://vtex.vtexassets.com/_v/public/typings/v1/vtex.flex-layout@0.17.0/public/@types/vtex.flex-layout#0a37c06d9e3a20a4fc06052ae997c77b58a89a93"

"vtex.format-currency@http://vtex.vtexassets.com/_v/public/typings/v1/vtex.format-currency@0.3.0/public/@types/vtex.format-currency":
  version "0.3.0"
  resolved "http://vtex.vtexassets.com/_v/public/typings/v1/vtex.format-currency@0.3.0/public/@types/vtex.format-currency#1cb7360452552301237c16d32037bbac61798f20"

"vtex.iframe@http://vtex.vtexassets.com/_v/public/typings/v1/vtex.iframe@0.3.0/public/@types/vtex.iframe":
  version "0.3.0"
  resolved "http://vtex.vtexassets.com/_v/public/typings/v1/vtex.iframe@0.3.0/public/@types/vtex.iframe#ce290a0ec1683a75e31fd00e00956d6061c9cea3"

"vtex.list-context@http://vtex.vtexassets.com/_v/public/typings/v1/vtex.list-context@0.2.0/public/@types/vtex.list-context":
  version "0.2.0"
  resolved "http://vtex.vtexassets.com/_v/public/typings/v1/vtex.list-context@0.2.0/public/@types/vtex.list-context#935b748d394851ced7f3b06bbedf59f4ee3ca8a6"

"vtex.locale-switcher@http://vtex.vtexassets.com/_v/public/typings/v1/vtex.locale-switcher@0.5.5/public/@types/vtex.locale-switcher":
  version "0.5.5"
  resolved "http://vtex.vtexassets.com/_v/public/typings/v1/vtex.locale-switcher@0.5.5/public/@types/vtex.locale-switcher#c07555ef8aef2e6b635a4c6b5f7b421930e1eda6"

"vtex.login@http://vtex.vtexassets.com/_v/public/typings/v1/vtex.login@2.44.0/public/@types/vtex.login":
  version "2.44.0"
  resolved "http://vtex.vtexassets.com/_v/public/typings/v1/vtex.login@2.44.0/public/@types/vtex.login#99e7c9d60ba28a237437c762e06b34bd9adcbdae"

"vtex.menu@http://vtex.vtexassets.com/_v/public/typings/v1/vtex.menu@2.32.0/public/@types/vtex.menu":
  version "2.32.0"
  resolved "http://vtex.vtexassets.com/_v/public/typings/v1/vtex.menu@2.32.0/public/@types/vtex.menu#c4bcf449ec2f106d7a2d324b8f334e6cc6c202fe"

"vtex.modal-layout@http://vtex.vtexassets.com/_v/public/typings/v1/vtex.modal-layout@0.10.0/public/@types/vtex.modal-layout":
  version "0.10.0"
  resolved "http://vtex.vtexassets.com/_v/public/typings/v1/vtex.modal-layout@0.10.0/public/@types/vtex.modal-layout#0f4056516b644aa066d4a3121e948b3ee1088377"

"vtex.my-account@http://vtex.vtexassets.com/_v/public/typings/v1/vtex.my-account@1.20.0/public/@types/vtex.my-account":
  version "1.20.0"
  resolved "http://vtex.vtexassets.com/_v/public/typings/v1/vtex.my-account@1.20.0/public/@types/vtex.my-account#edf1817e96799daca1b16bf76383b8e2d7c340f9"

"vtex.order-items@http://vtex.vtexassets.com/_v/public/typings/v1/vtex.order-items@0.13.0/public/@types/vtex.order-items":
  version "0.13.0"
  resolved "http://vtex.vtexassets.com/_v/public/typings/v1/vtex.order-items@0.13.0/public/@types/vtex.order-items#606cac2ea2e750f38441e34d3f9d932dfa06041a"

"vtex.order-manager@http://vtex.vtexassets.com/_v/public/typings/v1/vtex.order-manager@0.11.1/public/@types/vtex.order-manager":
  version "0.11.1"
  resolved "http://vtex.vtexassets.com/_v/public/typings/v1/vtex.order-manager@0.11.1/public/@types/vtex.order-manager#cc658148c5e054900c0d692a26d1ac7c872d9262"

"vtex.overlay-layout@http://vtex.vtexassets.com/_v/public/typings/v1/vtex.overlay-layout@0.1.3/public/@types/vtex.overlay-layout":
  version "0.1.3"
  resolved "http://vtex.vtexassets.com/_v/public/typings/v1/vtex.overlay-layout@0.1.3/public/@types/vtex.overlay-layout#59950a8f730d416144dc24ad476e9011272b59d5"

"vtex.pixel-manager@http://vtex.vtexassets.com/_v/public/typings/v1/vtex.pixel-manager@1.8.0/public/@types/vtex.pixel-manager":
  version "1.8.0"
  resolved "http://vtex.vtexassets.com/_v/public/typings/v1/vtex.pixel-manager@1.8.0/public/@types/vtex.pixel-manager#3ccfcb1927614984a5f7a3e5650c8c8d2bd3c0f4"

"vtex.product-bookmark-interfaces@http://vtex.vtexassets.com/_v/public/typings/v1/vtex.product-bookmark-interfaces@1.0.1/public/@types/vtex.product-bookmark-interfaces":
  version "1.0.1"
  resolved "http://vtex.vtexassets.com/_v/public/typings/v1/vtex.product-bookmark-interfaces@1.0.1/public/@types/vtex.product-bookmark-interfaces#2c26815e4afa45b2e254a23e5abb356424bb09e7"

"vtex.product-context@http://vtex.vtexassets.com/_v/public/typings/v1/vtex.product-context@0.9.9/public/@types/vtex.product-context":
  version "0.9.9"
  resolved "http://vtex.vtexassets.com/_v/public/typings/v1/vtex.product-context@0.9.9/public/@types/vtex.product-context#d9619a3365c1b04c1110c4beb11a53eae39aac75"

"vtex.product-customizer@http://vtex.vtexassets.com/_v/public/typings/v1/vtex.product-customizer@2.11.0/public/@types/vtex.product-customizer":
  version "2.11.0"
  resolved "http://vtex.vtexassets.com/_v/public/typings/v1/vtex.product-customizer@2.11.0/public/@types/vtex.product-customizer#1f92bb156935ad32a1130876d57befb11694a0de"

"vtex.product-details@http://vtex.vtexassets.com/_v/public/typings/v1/vtex.product-details@1.20.0/public/@types/vtex.product-details":
  version "1.20.0"
  resolved "http://vtex.vtexassets.com/_v/public/typings/v1/vtex.product-details@1.20.0/public/@types/vtex.product-details#3d343c877ea12792e87c8bf5ac26219e93a35cf0"

"vtex.product-gifts@http://vtex.vtexassets.com/_v/public/typings/v1/vtex.product-gifts@0.3.1/public/@types/vtex.product-gifts":
  version "0.3.1"
  resolved "http://vtex.vtexassets.com/_v/public/typings/v1/vtex.product-gifts@0.3.1/public/@types/vtex.product-gifts#25f8a27d171292b1413993acba38e2b68f7550a5"

"vtex.product-highlights@http://vtex.vtexassets.com/_v/public/typings/v1/vtex.product-highlights@2.1.1/public/@types/vtex.product-highlights":
  version "2.1.1"
  resolved "http://vtex.vtexassets.com/_v/public/typings/v1/vtex.product-highlights@2.1.1/public/@types/vtex.product-highlights#b6497013b9aa0c9deee38d594b887db58641004a"

"vtex.product-identifier@http://vtex.vtexassets.com/_v/public/typings/v1/vtex.product-identifier@0.2.1/public/@types/vtex.product-identifier":
  version "0.2.1"
  resolved "http://vtex.vtexassets.com/_v/public/typings/v1/vtex.product-identifier@0.2.1/public/@types/vtex.product-identifier#c3f75720666db0e490e2d4ce6d96ae91f4043a6a"

"vtex.product-kit@http://vtex.vtexassets.com/_v/public/typings/v1/vtex.product-kit@1.10.2/public/_types/react":
  version "0.0.0"
  resolved "http://vtex.vtexassets.com/_v/public/typings/v1/vtex.product-kit@1.10.2/public/_types/react#fa7a0347e046eab3dd768998fc9252b2c0dd5aef"

"vtex.product-price@http://vtex.vtexassets.com/_v/public/typings/v1/vtex.product-price@1.22.0/public/@types/vtex.product-price":
  version "1.22.0"
  resolved "http://vtex.vtexassets.com/_v/public/typings/v1/vtex.product-price@1.22.0/public/@types/vtex.product-price#c2c855ef7293995b702ca752466071b19443fefe"

"vtex.product-quantity@http://vtex.vtexassets.com/_v/public/typings/v1/vtex.product-quantity@1.6.0/public/@types/vtex.product-quantity":
  version "1.6.0"
  resolved "http://vtex.vtexassets.com/_v/public/typings/v1/vtex.product-quantity@1.6.0/public/@types/vtex.product-quantity#335060d37638a9ea73a03e51b7f19781977f43f9"

"vtex.product-review-interfaces@http://vtex.vtexassets.com/_v/public/typings/v1/vtex.product-review-interfaces@1.0.2/public/_types/react":
  version "1.0.2"
  resolved "http://vtex.vtexassets.com/_v/public/typings/v1/vtex.product-review-interfaces@1.0.2/public/_types/react#84d1997cdae079d1401611f3d4a4619ed914673f"

"vtex.product-specification-badges@http://vtex.vtexassets.com/_v/public/typings/v1/vtex.product-specification-badges@0.3.0/public/@types/vtex.product-specification-badges":
  version "0.3.0"
  resolved "http://vtex.vtexassets.com/_v/public/typings/v1/vtex.product-specification-badges@0.3.0/public/@types/vtex.product-specification-badges#2df6b189acfabf642504df02d7b8ad406ee90c07"

"vtex.product-summary@http://vtex.vtexassets.com/_v/public/typings/v1/vtex.product-summary@2.73.1/public/@types/vtex.product-summary":
  version "2.73.1"
  resolved "http://vtex.vtexassets.com/_v/public/typings/v1/vtex.product-summary@2.73.1/public/@types/vtex.product-summary#3850be70d0c2603e10ef45a35982d9c83e537e27"

"vtex.recommendation-shelf@http://vtex.vtexassets.com/_v/public/typings/v1/vtex.recommendation-shelf@1.6.0/public/@types/vtex.recommendation-shelf":
  version "1.6.0"
  resolved "http://vtex.vtexassets.com/_v/public/typings/v1/vtex.recommendation-shelf@1.6.0/public/@types/vtex.recommendation-shelf#f1b3d8a68c7229b71c1493c773fc8117968e3329"

"vtex.render-runtime@http://vtex.vtexassets.com/_v/public/typings/v1/vtex.render-runtime@8.129.0/public/@types/vtex.render-runtime":
  version "8.129.0"
  resolved "http://vtex.vtexassets.com/_v/public/typings/v1/vtex.render-runtime@8.129.0/public/@types/vtex.render-runtime#76dd55634b06288d8209d5b85ca26b6f6692a889"

"vtex.responsive-layout@http://vtex.vtexassets.com/_v/public/typings/v1/vtex.responsive-layout@0.1.2/public/@types/vtex.responsive-layout":
  version "0.1.2"
  resolved "http://vtex.vtexassets.com/_v/public/typings/v1/vtex.responsive-layout@0.1.2/public/@types/vtex.responsive-layout#e33f23a78afb3ffb8ff8aedc77b1ca6728583e72"

"vtex.reviews-and-ratings@http://vtex.vtexassets.com/_v/public/typings/v1/vtex.reviews-and-ratings@1.6.3/public/@types/vtex.reviews-and-ratings":
  version "1.6.3"
  resolved "http://vtex.vtexassets.com/_v/public/typings/v1/vtex.reviews-and-ratings@1.6.3/public/@types/vtex.reviews-and-ratings#80ceedc71589de4a884c4588982c6cfc4b4f2300"

"vtex.rich-text@http://vtex.vtexassets.com/_v/public/typings/v1/vtex.rich-text@0.14.0/public/@types/vtex.rich-text":
  version "0.14.0"
  resolved "http://vtex.vtexassets.com/_v/public/typings/v1/vtex.rich-text@0.14.0/public/@types/vtex.rich-text#fd31249116da1e0f1caeaa00a44035afa9c91703"

"vtex.sandbox@http://vtex.vtexassets.com/_v/public/typings/v1/vtex.sandbox@0.5.1/public/@types/vtex.sandbox":
  version "0.5.1"
  resolved "http://vtex.vtexassets.com/_v/public/typings/v1/vtex.sandbox@0.5.1/public/@types/vtex.sandbox#be4a4153a0864282fdfbe0d63501daa3978fe6dc"

"vtex.search-result@http://vtex.vtexassets.com/_v/public/typings/v1/vtex.search-result@3.101.0/public/@types/vtex.search-result":
  version "3.101.0"
  resolved "http://vtex.vtexassets.com/_v/public/typings/v1/vtex.search-result@3.101.0/public/@types/vtex.search-result#2293152af04bb11fbfd6b643192cf0534f904210"

"vtex.search@http://vtex.vtexassets.com/_v/public/typings/v1/vtex.search@2.8.0/public/@types/vtex.search":
  version "2.8.0"
  resolved "http://vtex.vtexassets.com/_v/public/typings/v1/vtex.search@2.8.0/public/@types/vtex.search#eec674aa0642ed266d371f18fa75dfa53ee1ea98"

"vtex.shelf@http://vtex.vtexassets.com/_v/public/typings/v1/vtex.shelf@1.45.0/public/@types/vtex.shelf":
  version "1.45.0"
  resolved "http://vtex.vtexassets.com/_v/public/typings/v1/vtex.shelf@1.45.0/public/@types/vtex.shelf#e172727072c42c07c8f0c4a40d0fd05c91160467"

"vtex.slider-layout@http://vtex.vtexassets.com/_v/public/typings/v1/vtex.slider-layout@0.19.0/public/@types/vtex.slider-layout":
  version "0.19.0"
  resolved "http://vtex.vtexassets.com/_v/public/typings/v1/vtex.slider-layout@0.19.0/public/@types/vtex.slider-layout#49de8dd3e8540d086ef5fd5625a7f66a0b2c4548"

"vtex.slider@http://vtex.vtexassets.com/_v/public/typings/v1/vtex.slider@0.8.2/public/_types/react":
  version "0.0.0"
  resolved "http://vtex.vtexassets.com/_v/public/typings/v1/vtex.slider@0.8.2/public/_types/react#fa7a0347e046eab3dd768998fc9252b2c0dd5aef"

"vtex.stack-layout@http://vtex.vtexassets.com/_v/public/typings/v1/vtex.stack-layout@0.1.0/public/@types/vtex.stack-layout":
  version "0.1.0"
  resolved "http://vtex.vtexassets.com/_v/public/typings/v1/vtex.stack-layout@0.1.0/public/@types/vtex.stack-layout#79bcd9f70b4b6926b85686be14879a3b90d52c63"

"vtex.sticky-layout@http://vtex.vtexassets.com/_v/public/typings/v1/vtex.sticky-layout@0.3.4/public/@types/vtex.sticky-layout":
  version "0.3.4"
  resolved "http://vtex.vtexassets.com/_v/public/typings/v1/vtex.sticky-layout@0.3.4/public/@types/vtex.sticky-layout#5b786d6f9ab0a40e4997c955a75885eee32515ef"

"vtex.store-components@http://vtex.vtexassets.com/_v/public/typings/v1/vtex.store-components@3.144.0/public/@types/vtex.store-components":
  version "3.144.0"
  resolved "http://vtex.vtexassets.com/_v/public/typings/v1/vtex.store-components@3.144.0/public/@types/vtex.store-components#7731a0fb7cec831b93b5037c6f694205eb34a247"

"vtex.store-drawer@http://vtex.vtexassets.com/_v/public/typings/v1/vtex.store-drawer@0.16.0/public/@types/vtex.store-drawer":
  version "0.16.0"
  resolved "http://vtex.vtexassets.com/_v/public/typings/v1/vtex.store-drawer@0.16.0/public/@types/vtex.store-drawer#0b416e94714d34c195ccc08db048596d56898949"

"vtex.store-footer@http://vtex.vtexassets.com/_v/public/typings/v1/vtex.store-footer@2.23.0/public/@types/vtex.store-footer":
  version "2.23.0"
  resolved "http://vtex.vtexassets.com/_v/public/typings/v1/vtex.store-footer@2.23.0/public/@types/vtex.store-footer#4390814502582fd47319f749ad570bfb69275d9a"

"vtex.store-form@http://vtex.vtexassets.com/_v/public/typings/v1/vtex.store-form@0.6.0/public/@types/vtex.store-form":
  version "0.6.0"
  resolved "http://vtex.vtexassets.com/_v/public/typings/v1/vtex.store-form@0.6.0/public/@types/vtex.store-form#fc63d96462c6ac863adac878388951b9f15c1550"

"vtex.store-graphql@http://vtex.vtexassets.com/_v/public/typings/v1/vtex.store-graphql@2.142.4/public/@types/vtex.store-graphql":
  version "2.142.4"
  resolved "http://vtex.vtexassets.com/_v/public/typings/v1/vtex.store-graphql@2.142.4/public/@types/vtex.store-graphql#0f8f8a71a1514940d19fa881d8d9b54a6ab3839d"

"vtex.store-header@http://vtex.vtexassets.com/_v/public/typings/v1/vtex.store-header@2.26.0/public/@types/vtex.store-header":
  version "2.26.0"
  resolved "http://vtex.vtexassets.com/_v/public/typings/v1/vtex.store-header@2.26.0/public/@types/vtex.store-header#0ffc01931d044fb53438dfff912a5e501f24b339"

"vtex.store-icons@http://vtex.vtexassets.com/_v/public/typings/v1/vtex.store-icons@0.18.0/public/@types/vtex.store-icons":
  version "0.18.0"
  resolved "http://vtex.vtexassets.com/_v/public/typings/v1/vtex.store-icons@0.18.0/public/@types/vtex.store-icons#0ee94d549aa283ce3a13ab987c13eac4fdfd1bba"

"vtex.store-image@http://vtex.vtexassets.com/_v/public/typings/v1/vtex.store-image@0.12.0/public/@types/vtex.store-image":
  version "0.12.0"
  resolved "http://vtex.vtexassets.com/_v/public/typings/v1/vtex.store-image@0.12.0/public/@types/vtex.store-image#8fcdc0f6e5baa1f7625297fa735fa837477a554a"

"vtex.store-link@http://vtex.vtexassets.com/_v/public/typings/v1/vtex.store-link@0.7.6/public/@types/vtex.store-link":
  version "0.7.6"
  resolved "http://vtex.vtexassets.com/_v/public/typings/v1/vtex.store-link@0.7.6/public/@types/vtex.store-link#147e80f808d06503492d6b844ebf8de5a7ed0bd9"

"vtex.store-locator@http://vtex.vtexassets.com/_v/public/typings/v1/vtex.store-locator@0.8.0/public/@types/vtex.store-locator":
  version "0.8.0"
  resolved "http://vtex.vtexassets.com/_v/public/typings/v1/vtex.store-locator@0.8.0/public/@types/vtex.store-locator#60a46c40ceae7475856761346e57ee17c55b4e8d"

"vtex.store-newsletter@http://vtex.vtexassets.com/_v/public/typings/v1/vtex.store-newsletter@1.3.0/public/@types/vtex.store-newsletter":
  version "1.3.0"
  resolved "http://vtex.vtexassets.com/_v/public/typings/v1/vtex.store-newsletter@1.3.0/public/@types/vtex.store-newsletter#29dd0374e8b44dbf734b7e14f31c2b11e1be71fc"

"vtex.store-resources@http://vtex.vtexassets.com/_v/public/typings/v1/vtex.store-resources@0.80.0/public/@types/vtex.store-resources":
  version "0.80.0"
  resolved "http://vtex.vtexassets.com/_v/public/typings/v1/vtex.store-resources@0.80.0/public/@types/vtex.store-resources#6a8fcee940127f4e7adae84b26857a134328f236"

"vtex.store-sitemap@http://vtex.vtexassets.com/_v/public/typings/v1/vtex.store-sitemap@1.11.1/public/_types/react":
  version "0.0.0"
  resolved "http://vtex.vtexassets.com/_v/public/typings/v1/vtex.store-sitemap@1.11.1/public/_types/react#fa7a0347e046eab3dd768998fc9252b2c0dd5aef"

"vtex.store-video@http://vtex.vtexassets.com/_v/public/typings/v1/vtex.store-video@1.4.2/public/@types/vtex.store-video":
  version "1.4.2"
  resolved "http://vtex.vtexassets.com/_v/public/typings/v1/vtex.store-video@1.4.2/public/@types/vtex.store-video#cb7be60d948c3fc7cd9b349972fb4970c00a6b55"

"vtex.store@http://vtex.vtexassets.com/_v/public/typings/v1/vtex.store@2.119.0/public/@types/vtex.store":
  version "2.119.0"
  resolved "http://vtex.vtexassets.com/_v/public/typings/v1/vtex.store@2.119.0/public/@types/vtex.store#ddf948f82cf7180e334b0a3d50f9c6ab520760bb"

"vtex.styleguide@http://vtex.vtexassets.com/_v/public/typings/v1/vtex.styleguide@9.133.0/public/@types/vtex.styleguide":
  version "9.133.0"
  resolved "http://vtex.vtexassets.com/_v/public/typings/v1/vtex.styleguide@9.133.0/public/@types/vtex.styleguide#1afb6bfeceee829a24d18afb672f1f05d64638ac"

"vtex.tab-layout@http://vtex.vtexassets.com/_v/public/typings/v1/vtex.tab-layout@0.4.3/public/@types/vtex.tab-layout":
  version "0.4.3"
  resolved "http://vtex.vtexassets.com/_v/public/typings/v1/vtex.tab-layout@0.4.3/public/@types/vtex.tab-layout#579ee7ffabb55ce7ed271b0af1015f41c49b7f30"

"vtex.telemarketing@http://vtex.vtexassets.com/_v/public/typings/v1/vtex.telemarketing@2.10.2/public/@types/vtex.telemarketing":
  version "2.10.2"
  resolved "http://vtex.vtexassets.com/_v/public/typings/v1/vtex.telemarketing@2.10.2/public/@types/vtex.telemarketing#618f97a1cc0af09b5809cf2f4561cc19b9189cef"

"vtex.wish-list@http://vtex.vtexassets.com/_v/public/typings/v1/vtex.wish-list@1.7.10/public/@types/vtex.wish-list":
  version "1.7.10"
  resolved "http://vtex.vtexassets.com/_v/public/typings/v1/vtex.wish-list@1.7.10/public/@types/vtex.wish-list#565c7c8d276a543290b9ae5a4aa2f7b3cb67727d"

zen-observable-ts@^0.8.21:
  version "0.8.21"
  resolved "https://registry.yarnpkg.com/zen-observable-ts/-/zen-observable-ts-0.8.21.tgz#85d0031fbbde1eba3cd07d3ba90da241215f421d"
  integrity sha512-Yj3yXweRc8LdRMrCC8nIc4kkjWecPAUVh0TI0OUrWXx6aX790vLcDlWca6I4vsyCGH3LpWxq0dJRcMOFoVqmeg==
  dependencies:
    tslib "^1.9.3"
    zen-observable "^0.8.0"

zen-observable@^0.8.0:
  version "0.8.15"
  resolved "https://registry.yarnpkg.com/zen-observable/-/zen-observable-0.8.15.tgz#96415c512d8e3ffd920afd3889604e30b9eaac15"
  integrity sha512-PQ2PC7R9rslx84ndNBZB/Dkv8V8fZEpk83RLgXtYd0fwUgEjseMn1Dgajh2x6S8QbZAFa9p2qVCEuYZNgve0dQ==
